
Microsoft Visual Studio Solution File, Format Version 12.00
# Visual Studio Version 17
VisualStudioVersion = 17.0.31912.275
MinimumVisualStudioVersion = 10.0.40219.1
Project("{2150E333-8FDC-42A3-9474-1A3956D46DE8}") = "UI", "UI", "{BF579DEB-712A-47EF-A6FF-2E096F335A89}"
EndProject
Project("{2150E333-8FDC-42A3-9474-1A3956D46DE8}") = "Data", "Data", "{A7A62FB8-B264-4BD3-9688-6D898CE1073A}"
EndProject
Project("{2150E333-8FDC-42A3-9474-1A3956D46DE8}") = "Services", "Services", "{53EBC8B8-FD24-49E9-A087-AA83C2BED9D6}"
EndProject
Project("{2150E333-8FDC-42A3-9474-1A3956D46DE8}") = "Common", "Common", "{875AA4E8-C4F7-4DB9-9504-39F829B17F87}"
EndProject
Project("{9A19103F-16F7-4668-BE54-9A1E7A4F7556}") = "WebStore.Domain", "Common\WebStore.Domain\WebStore.Domain.csproj", "{F456F3C2-15E2-4CCF-8A9A-8CABA9F48A61}"
EndProject
Project("{9A19103F-16F7-4668-BE54-9A1E7A4F7556}") = "WebStore.DAL", "Data\WebStore.DAL\WebStore.DAL.csproj", "{6707C8B5-090E-4D6A-BB8F-3863A32D1544}"
EndProject
Project("{9A19103F-16F7-4668-BE54-9A1E7A4F7556}") = "WebStore", "UI\WebStore\WebStore.csproj", "{211070CC-7771-4086-999F-AC430C736E43}"
EndProject
Project("{9A19103F-16F7-4668-BE54-9A1E7A4F7556}") = "WebStore.Interfaces", "Services\WebStore.Interfaces\WebStore.Interfaces.csproj", "{757B92C9-20CB-4D43-9521-20BF2F71E96C}"
EndProject
Project("{9A19103F-16F7-4668-BE54-9A1E7A4F7556}") = "WebStore.Services", "Servicec\WebStore.Services\WebStore.Services.csproj", "{025A7843-36D8-4DD3-873A-0534A716C767}"
EndProject
Project("{2150E333-8FDC-42A3-9474-1A3956D46DE8}") = "Tests", "Tests", "{5A608E6C-0CFB-44F5-AFC7-15FEE99852B5}"
EndProject
Project("{9A19103F-16F7-4668-BE54-9A1E7A4F7556}") = "TestConsole", "Test\TestConsole\TestConsole.csproj", "{7F8F2B48-19AC-438F-8540-62B23B0E7EED}"
EndProject
Project("{9A19103F-16F7-4668-BE54-9A1E7A4F7556}") = "WebStore.WebAPI", "Services\WebStore.WebAPI\WebStore.WebAPI.csproj", "{5CD8D0F9-55EA-42E3-A6CD-0F9F30F10353}"
EndProject
Project("{9A19103F-16F7-4668-BE54-9A1E7A4F7556}") = "WebStore.WebAPI.Clients", "Services\WebStore.WebAPI.Clients\WebStore.WebAPI.Clients.csproj", "{39A9F29D-35D3-44A6-8057-4FD36E097D11}"
EndProject
Project("{9A19103F-16F7-4668-BE54-9A1E7A4F7556}") = "WebStore.WPF", "UI\WebStore.WPF\WebStore.WPF.csproj", "{8D7495D6-297C-4DBE-938E-7EC0B8928049}"
EndProject
Project("{FAE04EC0-301F-11D3-BF4B-00C04F79EFBC}") = "WebStore.Loggin", "Common\WebStore.Loggin\WebStore.Loggin.csproj", "{31DBCF85-B3E2-46ED-AFF9-13A648DF9360}"
EndProject
Global
	GlobalSection(SolutionConfigurationPlatforms) = preSolution
		Debug|Any CPU = Debug|Any CPU
		Release|Any CPU = Release|Any CPU
	EndGlobalSection
	GlobalSection(ProjectConfigurationPlatforms) = postSolution
		{F456F3C2-15E2-4CCF-8A9A-8CABA9F48A61}.Debug|Any CPU.ActiveCfg = Debug|Any CPU
		{F456F3C2-15E2-4CCF-8A9A-8CABA9F48A61}.Debug|Any CPU.Build.0 = Debug|Any CPU
		{F456F3C2-15E2-4CCF-8A9A-8CABA9F48A61}.Release|Any CPU.ActiveCfg = Release|Any CPU
		{F456F3C2-15E2-4CCF-8A9A-8CABA9F48A61}.Release|Any CPU.Build.0 = Release|Any CPU
		{6707C8B5-090E-4D6A-BB8F-3863A32D1544}.Debug|Any CPU.ActiveCfg = Debug|Any CPU
		{6707C8B5-090E-4D6A-BB8F-3863A32D1544}.Debug|Any CPU.Build.0 = Debug|Any CPU
		{6707C8B5-090E-4D6A-BB8F-3863A32D1544}.Release|Any CPU.ActiveCfg = Release|Any CPU
		{6707C8B5-090E-4D6A-BB8F-3863A32D1544}.Release|Any CPU.Build.0 = Release|Any CPU
		{211070CC-7771-4086-999F-AC430C736E43}.Debug|Any CPU.ActiveCfg = Debug|Any CPU
		{211070CC-7771-4086-999F-AC430C736E43}.Debug|Any CPU.Build.0 = Debug|Any CPU
		{211070CC-7771-4086-999F-AC430C736E43}.Release|Any CPU.ActiveCfg = Release|Any CPU
		{211070CC-7771-4086-999F-AC430C736E43}.Release|Any CPU.Build.0 = Release|Any CPU
		{757B92C9-20CB-4D43-9521-20BF2F71E96C}.Debug|Any CPU.ActiveCfg = Debug|Any CPU
		{757B92C9-20CB-4D43-9521-20BF2F71E96C}.Debug|Any CPU.Build.0 = Debug|Any CPU
		{757B92C9-20CB-4D43-9521-20BF2F71E96C}.Release|Any CPU.ActiveCfg = Release|Any CPU
		{757B92C9-20CB-4D43-9521-20BF2F71E96C}.Release|Any CPU.Build.0 = Release|Any CPU
		{025A7843-36D8-4DD3-873A-0534A716C767}.Debug|Any CPU.ActiveCfg = Debug|Any CPU
		{025A7843-36D8-4DD3-873A-0534A716C767}.Debug|Any CPU.Build.0 = Debug|Any CPU
		{025A7843-36D8-4DD3-873A-0534A716C767}.Release|Any CPU.ActiveCfg = Release|Any CPU
		{025A7843-36D8-4DD3-873A-0534A716C767}.Release|Any CPU.Build.0 = Release|Any CPU
		{7F8F2B48-19AC-438F-8540-62B23B0E7EED}.Debug|Any CPU.ActiveCfg = Debug|Any CPU
		{7F8F2B48-19AC-438F-8540-62B23B0E7EED}.Debug|Any CPU.Build.0 = Debug|Any CPU
		{7F8F2B48-19AC-438F-8540-62B23B0E7EED}.Release|Any CPU.ActiveCfg = Release|Any CPU
		{7F8F2B48-19AC-438F-8540-62B23B0E7EED}.Release|Any CPU.Build.0 = Release|Any CPU
		{5CD8D0F9-55EA-42E3-A6CD-0F9F30F10353}.Debug|Any CPU.ActiveCfg = Debug|Any CPU
		{5CD8D0F9-55EA-42E3-A6CD-0F9F30F10353}.Debug|Any CPU.Build.0 = Debug|Any CPU
		{5CD8D0F9-55EA-42E3-A6CD-0F9F30F10353}.Release|Any CPU.ActiveCfg = Release|Any CPU
		{5CD8D0F9-55EA-42E3-A6CD-0F9F30F10353}.Release|Any CPU.Build.0 = Release|Any CPU
		{39A9F29D-35D3-44A6-8057-4FD36E097D11}.Debug|Any CPU.ActiveCfg = Debug|Any CPU
		{39A9F29D-35D3-44A6-8057-4FD36E097D11}.Debug|Any CPU.Build.0 = Debug|Any CPU
		{39A9F29D-35D3-44A6-8057-4FD36E097D11}.Release|Any CPU.ActiveCfg = Release|Any CPU
		{39A9F29D-35D3-44A6-8057-4FD36E097D11}.Release|Any CPU.Build.0 = Release|Any CPU
		{8D7495D6-297C-4DBE-938E-7EC0B8928049}.Debug|Any CPU.ActiveCfg = Debug|Any CPU
		{8D7495D6-297C-4DBE-938E-7EC0B8928049}.Debug|Any CPU.Build.0 = Debug|Any CPU
		{8D7495D6-297C-4DBE-938E-7EC0B8928049}.Release|Any CPU.ActiveCfg = Release|Any CPU
		{8D7495D6-297C-4DBE-938E-7EC0B8928049}.Release|Any CPU.Build.0 = Release|Any CPU
		{31DBCF85-B3E2-46ED-AFF9-13A648DF9360}.Debug|Any CPU.ActiveCfg = Debug|Any CPU
		{31DBCF85-B3E2-46ED-AFF9-13A648DF9360}.Debug|Any CPU.Build.0 = Debug|Any CPU
		{31DBCF85-B3E2-46ED-AFF9-13A648DF9360}.Release|Any CPU.ActiveCfg = Release|Any CPU
		{31DBCF85-B3E2-46ED-AFF9-13A648DF9360}.Release|Any CPU.Build.0 = Release|Any CPU
	EndGlobalSection
	GlobalSection(SolutionProperties) = preSolution
		HideSolutionNode = FALSE
	EndGlobalSection
	GlobalSection(NestedProjects) = preSolution
		{F456F3C2-15E2-4CCF-8A9A-8CABA9F48A61} = {875AA4E8-C4F7-4DB9-9504-39F829B17F87}
		{6707C8B5-090E-4D6A-BB8F-3863A32D1544} = {A7A62FB8-B264-4BD3-9688-6D898CE1073A}
		{211070CC-7771-4086-999F-AC430C736E43} = {BF579DEB-712A-47EF-A6FF-2E096F335A89}
		{757B92C9-20CB-4D43-9521-20BF2F71E96C} = {53EBC8B8-FD24-49E9-A087-AA83C2BED9D6}
		{025A7843-36D8-4DD3-873A-0534A716C767} = {53EBC8B8-FD24-49E9-A087-AA83C2BED9D6}
		{7F8F2B48-19AC-438F-8540-62B23B0E7EED} = {5A608E6C-0CFB-44F5-AFC7-15FEE99852B5}
		{5CD8D0F9-55EA-42E3-A6CD-0F9F30F10353} = {53EBC8B8-FD24-49E9-A087-AA83C2BED9D6}
		{39A9F29D-35D3-44A6-8057-4FD36E097D11} = {53EBC8B8-FD24-49E9-A087-AA83C2BED9D6}
		{8D7495D6-297C-4DBE-938E-7EC0B8928049} = {BF579DEB-712A-47EF-A6FF-2E096F335A89}
		{31DBCF85-B3E2-46ED-AFF9-13A648DF9360} = {875AA4E8-C4F7-4DB9-9504-39F829B17F87}
	EndGlobalSection
	GlobalSection(ExtensibilityGlobals) = postSolution
		SolutionGuid = {DB8EC849-729F-4F88-841D-F2A036333497}
	EndGlobalSection
EndGlobal
