
Microsoft Visual Studio Solution File, Format Version 12.00
# Visual Studio Version 17
VisualStudioVersion = 17.0.31912.275
MinimumVisualStudioVersion = 10.0.40219.1
Project("{9A19103F-16F7-4668-BE54-9A1E7A4F7556}") = "WebStore", "WebStore\WebStore.csproj", "{132F4226-FCBA-4331-B070-E81F30BDD215}"
	ProjectSection(ProjectDependencies) = postProject
		{F4945715-F188-4913-9EE7-9FF405840689} = {F4945715-F188-4913-9EE7-9FF405840689}
	EndProjectSection
EndProject
Project("{2150E333-8FDC-42A3-9474-1A3956D46DE8}") = "Test", "Test", "{57844114-06A0-4DFA-B846-04B8E009D83E}"
EndProject
Project("{FAE04EC0-301F-11D3-BF4B-00C04F79EFBC}") = "TestConsole", "TestConsole\TestConsole.csproj", "{B7C6DDB3-CCF7-4045-A3EA-77F830C0631B}"
EndProject
Project("{FAE04EC0-301F-11D3-BF4B-00C04F79EFBC}") = "WebStore.Domain", "WebStore.Domain\WebStore.Domain.csproj", "{F4945715-F188-4913-9EE7-9FF405840689}"
EndProject
Global
	GlobalSection(SolutionConfigurationPlatforms) = preSolution
		Debug|Any CPU = Debug|Any CPU
		Release|Any CPU = Release|Any CPU
	EndGlobalSection
	GlobalSection(ProjectConfigurationPlatforms) = postSolution
		{132F4226-FCBA-4331-B070-E81F30BDD215}.Debug|Any CPU.ActiveCfg = Debug|Any CPU
		{132F4226-FCBA-4331-B070-E81F30BDD215}.Debug|Any CPU.Build.0 = Debug|Any CPU
		{132F4226-FCBA-4331-B070-E81F30BDD215}.Release|Any CPU.ActiveCfg = Release|Any CPU
		{132F4226-FCBA-4331-B070-E81F30BDD215}.Release|Any CPU.Build.0 = Release|Any CPU
		{B7C6DDB3-CCF7-4045-A3EA-77F830C0631B}.Debug|Any CPU.ActiveCfg = Debug|Any CPU
		{B7C6DDB3-CCF7-4045-A3EA-77F830C0631B}.Debug|Any CPU.Build.0 = Debug|Any CPU
		{B7C6DDB3-CCF7-4045-A3EA-77F830C0631B}.Release|Any CPU.ActiveCfg = Release|Any CPU
		{B7C6DDB3-CCF7-4045-A3EA-77F830C0631B}.Release|Any CPU.Build.0 = Release|Any CPU
		{F4945715-F188-4913-9EE7-9FF405840689}.Debug|Any CPU.ActiveCfg = Debug|Any CPU
		{F4945715-F188-4913-9EE7-9FF405840689}.Debug|Any CPU.Build.0 = Debug|Any CPU
		{F4945715-F188-4913-9EE7-9FF405840689}.Release|Any CPU.ActiveCfg = Release|Any CPU
		{F4945715-F188-4913-9EE7-9FF405840689}.Release|Any CPU.Build.0 = Release|Any CPU
	EndGlobalSection
	GlobalSection(SolutionProperties) = preSolution
		HideSolutionNode = FALSE
	EndGlobalSection
	GlobalSection(NestedProjects) = preSolution
		{B7C6DDB3-CCF7-4045-A3EA-77F830C0631B} = {57844114-06A0-4DFA-B846-04B8E009D83E}
	EndGlobalSection
	GlobalSection(ExtensibilityGlobals) = postSolution
		SolutionGuid = {DB8EC849-729F-4F88-841D-F2A036333497}
	EndGlobalSection
EndGlobal
